// !$*UTF8*$!
{
	archiveVersion = 1;
	classes = {
	};
	objectVersion = 46;
	objects = {

/* Begin PBXBuildFile section */
		D72541D51CC8CBB800430572 /* ofxTCPClient.cpp in Sources */ = {isa = PBXBuildFile; fileRef = D72541CD1CC8CBB800430572 /* ofxTCPClient.cpp */; settings = {ASSET_TAGS = (); }; };
		D72541D61CC8CBB800430572 /* ofxTCPManager.cpp in Sources */ = {isa = PBXBuildFile; fileRef = D72541CF1CC8CBB800430572 /* ofxTCPManager.cpp */; settings = {ASSET_TAGS = (); }; };
		D72541D71CC8CBB800430572 /* ofxTCPServer.cpp in Sources */ = {isa = PBXBuildFile; fileRef = D72541D11CC8CBB800430572 /* ofxTCPServer.cpp */; settings = {ASSET_TAGS = (); }; };
		D72541D81CC8CBB800430572 /* ofxUDPManager.cpp in Sources */ = {isa = PBXBuildFile; fileRef = D72541D31CC8CBB800430572 /* ofxUDPManager.cpp */; settings = {ASSET_TAGS = (); }; };
		D728F58E1CC9241D00C60AC7 /* ofxDatGuiComponent.cpp in Sources */ = {isa = PBXBuildFile; fileRef = D728F5801CC9241D00C60AC7 /* ofxDatGuiComponent.cpp */; settings = {ASSET_TAGS = (); }; };
		D728F58F1CC9241D00C60AC7 /* ofxSmartFont.cpp in Sources */ = {isa = PBXBuildFile; fileRef = D728F5871CC9241D00C60AC7 /* ofxSmartFont.cpp */; settings = {ASSET_TAGS = (); }; };
		D728F5901CC9241D00C60AC7 /* ofxDatGui.cpp in Sources */ = {isa = PBXBuildFile; fileRef = D728F5891CC9241D00C60AC7 /* ofxDatGui.cpp */; settings = {ASSET_TAGS = (); }; };
		E4328149138ABC9F0047C5CB /* openFrameworksDebug.a in Frameworks */ = {isa = PBXBuildFile; fileRef = E4328148138ABC890047C5CB /* openFrameworksDebug.a */; };
		E4B69E200A3A1BDC003C02F2 /* main.cpp in Sources */ = {isa = PBXBuildFile; fileRef = E4B69E1D0A3A1BDC003C02F2 /* main.cpp */; };
		E4B69E210A3A1BDC003C02F2 /* ofApp.cpp in Sources */ = {isa = PBXBuildFile; fileRef = E4B69E1E0A3A1BDC003C02F2 /* ofApp.cpp */; };
/* End PBXBuildFile section */

/* Begin PBXContainerItemProxy section */
		E4328147138ABC890047C5CB /* PBXContainerItemProxy */ = {
			isa = PBXContainerItemProxy;
			containerPortal = E4328143138ABC890047C5CB /* openFrameworksLib.xcodeproj */;
			proxyType = 2;
			remoteGlobalIDString = E4B27C1510CBEB8E00536013;
			remoteInfo = openFrameworks;
		};
		E4EEB9AB138B136A00A80321 /* PBXContainerItemProxy */ = {
			isa = PBXContainerItemProxy;
			containerPortal = E4328143138ABC890047C5CB /* openFrameworksLib.xcodeproj */;
			proxyType = 1;
			remoteGlobalIDString = E4B27C1410CBEB8E00536013;
			remoteInfo = openFrameworks;
		};
/* End PBXContainerItemProxy section */

/* Begin PBXCopyFilesBuildPhase section */
		E4C2427710CC5ABF004149E2 /* CopyFiles */ = {
			isa = PBXCopyFilesBuildPhase;
			buildActionMask = 2147483647;
			dstPath = "";
			dstSubfolderSpec = 10;
			files = (
			);
			runOnlyForDeploymentPostprocessing = 0;
		};
/* End PBXCopyFilesBuildPhase section */

/* Begin PBXFileReference section */
		D72541CB1CC8CBB800430572 /* ofxNetwork.h */ = {isa = PBXFileReference; lastKnownFileType = sourcecode.c.h; path = ofxNetwork.h; sourceTree = "<group>"; };
		D72541CC1CC8CBB800430572 /* ofxNetworkUtils.h */ = {isa = PBXFileReference; lastKnownFileType = sourcecode.c.h; path = ofxNetworkUtils.h; sourceTree = "<group>"; };
		D72541CD1CC8CBB800430572 /* ofxTCPClient.cpp */ = {isa = PBXFileReference; lastKnownFileType = sourcecode.cpp.cpp; path = ofxTCPClient.cpp; sourceTree = "<group>"; };
		D72541CE1CC8CBB800430572 /* ofxTCPClient.h */ = {isa = PBXFileReference; lastKnownFileType = sourcecode.c.h; path = ofxTCPClient.h; sourceTree = "<group>"; };
		D72541CF1CC8CBB800430572 /* ofxTCPManager.cpp */ = {isa = PBXFileReference; lastKnownFileType = sourcecode.cpp.cpp; path = ofxTCPManager.cpp; sourceTree = "<group>"; };
		D72541D01CC8CBB800430572 /* ofxTCPManager.h */ = {isa = PBXFileReference; lastKnownFileType = sourcecode.c.h; path = ofxTCPManager.h; sourceTree = "<group>"; };
		D72541D11CC8CBB800430572 /* ofxTCPServer.cpp */ = {isa = PBXFileReference; lastKnownFileType = sourcecode.cpp.cpp; path = ofxTCPServer.cpp; sourceTree = "<group>"; };
		D72541D21CC8CBB800430572 /* ofxTCPServer.h */ = {isa = PBXFileReference; lastKnownFileType = sourcecode.c.h; path = ofxTCPServer.h; sourceTree = "<group>"; };
		D72541D31CC8CBB800430572 /* ofxUDPManager.cpp */ = {isa = PBXFileReference; lastKnownFileType = sourcecode.cpp.cpp; path = ofxUDPManager.cpp; sourceTree = "<group>"; };
		D72541D41CC8CBB800430572 /* ofxUDPManager.h */ = {isa = PBXFileReference; lastKnownFileType = sourcecode.c.h; path = ofxUDPManager.h; sourceTree = "<group>"; };
		D728F5721CC9241D00C60AC7 /* ofxDatGui2dPad.h */ = {isa = PBXFileReference; lastKnownFileType = sourcecode.c.h; path = ofxDatGui2dPad.h; sourceTree = "<group>"; };
		D728F5731CC9241D00C60AC7 /* ofxDatGuiButton.h */ = {isa = PBXFileReference; lastKnownFileType = sourcecode.c.h; path = ofxDatGuiButton.h; sourceTree = "<group>"; };
		D728F5741CC9241D00C60AC7 /* ofxDatGuiColorPicker.h */ = {isa = PBXFileReference; lastKnownFileType = sourcecode.c.h; path = ofxDatGuiColorPicker.h; sourceTree = "<group>"; };
		D728F5751CC9241D00C60AC7 /* ofxDatGuiControls.h */ = {isa = PBXFileReference; lastKnownFileType = sourcecode.c.h; path = ofxDatGuiControls.h; sourceTree = "<group>"; };
		D728F5761CC9241D00C60AC7 /* ofxDatGuiFRM.h */ = {isa = PBXFileReference; lastKnownFileType = sourcecode.c.h; path = ofxDatGuiFRM.h; sourceTree = "<group>"; };
		D728F5771CC9241D00C60AC7 /* ofxDatGuiGroups.h */ = {isa = PBXFileReference; lastKnownFileType = sourcecode.c.h; path = ofxDatGuiGroups.h; sourceTree = "<group>"; };
		D728F5781CC9241D00C60AC7 /* ofxDatGuiLabel.h */ = {isa = PBXFileReference; lastKnownFileType = sourcecode.c.h; path = ofxDatGuiLabel.h; sourceTree = "<group>"; };
		D728F5791CC9241D00C60AC7 /* ofxDatGuiMatrix.h */ = {isa = PBXFileReference; lastKnownFileType = sourcecode.c.h; path = ofxDatGuiMatrix.h; sourceTree = "<group>"; };
		D728F57A1CC9241D00C60AC7 /* ofxDatGuiScrollView.h */ = {isa = PBXFileReference; lastKnownFileType = sourcecode.c.h; path = ofxDatGuiScrollView.h; sourceTree = "<group>"; };
		D728F57B1CC9241D00C60AC7 /* ofxDatGuiSlider.h */ = {isa = PBXFileReference; lastKnownFileType = sourcecode.c.h; path = ofxDatGuiSlider.h; sourceTree = "<group>"; };
		D728F57C1CC9241D00C60AC7 /* ofxDatGuiTextInput.h */ = {isa = PBXFileReference; lastKnownFileType = sourcecode.c.h; path = ofxDatGuiTextInput.h; sourceTree = "<group>"; };
		D728F57D1CC9241D00C60AC7 /* ofxDatGuiTextInputField.h */ = {isa = PBXFileReference; lastKnownFileType = sourcecode.c.h; path = ofxDatGuiTextInputField.h; sourceTree = "<group>"; };
		D728F57E1CC9241D00C60AC7 /* ofxDatGuiTimeGraph.h */ = {isa = PBXFileReference; lastKnownFileType = sourcecode.c.h; path = ofxDatGuiTimeGraph.h; sourceTree = "<group>"; };
		D728F5801CC9241D00C60AC7 /* ofxDatGuiComponent.cpp */ = {isa = PBXFileReference; lastKnownFileType = sourcecode.cpp.cpp; path = ofxDatGuiComponent.cpp; sourceTree = "<group>"; };
		D728F5811CC9241D00C60AC7 /* ofxDatGuiComponent.h */ = {isa = PBXFileReference; lastKnownFileType = sourcecode.c.h; path = ofxDatGuiComponent.h; sourceTree = "<group>"; };
		D728F5821CC9241D00C60AC7 /* ofxDatGuiConstants.h */ = {isa = PBXFileReference; lastKnownFileType = sourcecode.c.h; path = ofxDatGuiConstants.h; sourceTree = "<group>"; };
		D728F5831CC9241D00C60AC7 /* ofxDatGuiEvents.h */ = {isa = PBXFileReference; lastKnownFileType = sourcecode.c.h; path = ofxDatGuiEvents.h; sourceTree = "<group>"; };
		D728F5841CC9241D00C60AC7 /* ofxDatGuiIntObject.h */ = {isa = PBXFileReference; lastKnownFileType = sourcecode.c.h; path = ofxDatGuiIntObject.h; sourceTree = "<group>"; };
		D728F5871CC9241D00C60AC7 /* ofxSmartFont.cpp */ = {isa = PBXFileReference; lastKnownFileType = sourcecode.cpp.cpp; path = ofxSmartFont.cpp; sourceTree = "<group>"; };
		D728F5881CC9241D00C60AC7 /* ofxSmartFont.h */ = {isa = PBXFileReference; lastKnownFileType = sourcecode.c.h; path = ofxSmartFont.h; sourceTree = "<group>"; };
		D728F5891CC9241D00C60AC7 /* ofxDatGui.cpp */ = {isa = PBXFileReference; lastKnownFileType = sourcecode.cpp.cpp; path = ofxDatGui.cpp; sourceTree = "<group>"; };
		D728F58A1CC9241D00C60AC7 /* ofxDatGui.h */ = {isa = PBXFileReference; lastKnownFileType = sourcecode.c.h; path = ofxDatGui.h; sourceTree = "<group>"; };
		D728F58C1CC9241D00C60AC7 /* ofxDatGuiTheme.h */ = {isa = PBXFileReference; lastKnownFileType = sourcecode.c.h; path = ofxDatGuiTheme.h; sourceTree = "<group>"; };
		D728F58D1CC9241D00C60AC7 /* ofxDatGuiThemes.h */ = {isa = PBXFileReference; lastKnownFileType = sourcecode.c.h; path = ofxDatGuiThemes.h; sourceTree = "<group>"; };
		E4328143138ABC890047C5CB /* openFrameworksLib.xcodeproj */ = {isa = PBXFileReference; lastKnownFileType = "wrapper.pb-project"; name = openFrameworksLib.xcodeproj; path = ../../../libs/openFrameworksCompiled/project/osx/openFrameworksLib.xcodeproj; sourceTree = SOURCE_ROOT; };
		E4B69B5B0A3A1756003C02F2 /* WarpPiMasterDebug.app */ = {isa = PBXFileReference; explicitFileType = wrapper.application; includeInIndex = 0; path = WarpPiMasterDebug.app; sourceTree = BUILT_PRODUCTS_DIR; };
		E4B69E1D0A3A1BDC003C02F2 /* main.cpp */ = {isa = PBXFileReference; fileEncoding = 30; lastKnownFileType = sourcecode.cpp.cpp; name = main.cpp; path = src/main.cpp; sourceTree = SOURCE_ROOT; };
		E4B69E1E0A3A1BDC003C02F2 /* ofApp.cpp */ = {isa = PBXFileReference; explicitFileType = sourcecode.cpp.cpp; fileEncoding = 30; name = ofApp.cpp; path = src/ofApp.cpp; sourceTree = SOURCE_ROOT; };
		E4B69E1F0A3A1BDC003C02F2 /* ofApp.h */ = {isa = PBXFileReference; fileEncoding = 30; lastKnownFileType = sourcecode.c.h; name = ofApp.h; path = src/ofApp.h; sourceTree = SOURCE_ROOT; };
		E4B6FCAD0C3E899E008CF71C /* openFrameworks-Info.plist */ = {isa = PBXFileReference; fileEncoding = 30; lastKnownFileType = text.plist.xml; path = "openFrameworks-Info.plist"; sourceTree = "<group>"; };
		E4EB691F138AFCF100A09F29 /* CoreOF.xcconfig */ = {isa = PBXFileReference; fileEncoding = 4; lastKnownFileType = text.xcconfig; name = CoreOF.xcconfig; path = ../../../libs/openFrameworksCompiled/project/osx/CoreOF.xcconfig; sourceTree = SOURCE_ROOT; };
		E4EB6923138AFD0F00A09F29 /* Project.xcconfig */ = {isa = PBXFileReference; fileEncoding = 4; lastKnownFileType = text.xcconfig; path = Project.xcconfig; sourceTree = "<group>"; };
/* End PBXFileReference section */

/* Begin PBXFrameworksBuildPhase section */
		E4B69B590A3A1756003C02F2 /* Frameworks */ = {
			isa = PBXFrameworksBuildPhase;
			buildActionMask = 2147483647;
			files = (
				E4328149138ABC9F0047C5CB /* openFrameworksDebug.a in Frameworks */,
			);
			runOnlyForDeploymentPostprocessing = 0;
		};
/* End PBXFrameworksBuildPhase section */

/* Begin PBXGroup section */
		BB4B014C10F69532006C3DED /* addons */ = {
			isa = PBXGroup;
			children = (
				D72541C91CC8CBB800430572 /* ofxNetwork */,
				D728F56F1CC9241D00C60AC7 /* ofxDatGui_PM */,
			);
			name = addons;
			sourceTree = "<group>";
		};
		D72541C91CC8CBB800430572 /* ofxNetwork */ = {
			isa = PBXGroup;
			children = (
				D72541CA1CC8CBB800430572 /* src */,
			);
			name = ofxNetwork;
			sourceTree = "<group>";
		};
		D72541CA1CC8CBB800430572 /* src */ = {
			isa = PBXGroup;
			children = (
				D72541CB1CC8CBB800430572 /* ofxNetwork.h */,
				D72541CC1CC8CBB800430572 /* ofxNetworkUtils.h */,
				D72541CD1CC8CBB800430572 /* ofxTCPClient.cpp */,
				D72541CE1CC8CBB800430572 /* ofxTCPClient.h */,
				D72541CF1CC8CBB800430572 /* ofxTCPManager.cpp */,
				D72541D01CC8CBB800430572 /* ofxTCPManager.h */,
				D72541D11CC8CBB800430572 /* ofxTCPServer.cpp */,
				D72541D21CC8CBB800430572 /* ofxTCPServer.h */,
				D72541D31CC8CBB800430572 /* ofxUDPManager.cpp */,
				D72541D41CC8CBB800430572 /* ofxUDPManager.h */,
			);
			name = src;
			path = ../../../addons/ofxNetwork/src;
			sourceTree = "<group>";
		};
		D728F56F1CC9241D00C60AC7 /* ofxDatGui_PM */ = {
			isa = PBXGroup;
			children = (
				D728F5701CC9241D00C60AC7 /* src */,
			);
			name = ofxDatGui_PM;
			sourceTree = "<group>";
		};
		D728F5701CC9241D00C60AC7 /* src */ = {
			isa = PBXGroup;
			children = (
				D728F5711CC9241D00C60AC7 /* components */,
				D728F57F1CC9241D00C60AC7 /* core */,
				D728F5851CC9241D00C60AC7 /* libs */,
				D728F5891CC9241D00C60AC7 /* ofxDatGui.cpp */,
				D728F58A1CC9241D00C60AC7 /* ofxDatGui.h */,
				D728F58B1CC9241D00C60AC7 /* themes */,
			);
			name = src;
			path = ../../../addons/ofxDatGui_PM/src;
			sourceTree = "<group>";
		};
		D728F5711CC9241D00C60AC7 /* components */ = {
			isa = PBXGroup;
			children = (
				D728F5721CC9241D00C60AC7 /* ofxDatGui2dPad.h */,
				D728F5731CC9241D00C60AC7 /* ofxDatGuiButton.h */,
				D728F5741CC9241D00C60AC7 /* ofxDatGuiColorPicker.h */,
				D728F5751CC9241D00C60AC7 /* ofxDatGuiControls.h */,
				D728F5761CC9241D00C60AC7 /* ofxDatGuiFRM.h */,
				D728F5771CC9241D00C60AC7 /* ofxDatGuiGroups.h */,
				D728F5781CC9241D00C60AC7 /* ofxDatGuiLabel.h */,
				D728F5791CC9241D00C60AC7 /* ofxDatGuiMatrix.h */,
				D728F57A1CC9241D00C60AC7 /* ofxDatGuiScrollView.h */,
				D728F57B1CC9241D00C60AC7 /* ofxDatGuiSlider.h */,
				D728F57C1CC9241D00C60AC7 /* ofxDatGuiTextInput.h */,
				D728F57D1CC9241D00C60AC7 /* ofxDatGuiTextInputField.h */,
				D728F57E1CC9241D00C60AC7 /* ofxDatGuiTimeGraph.h */,
			);
			path = components;
			sourceTree = "<group>";
		};
		D728F57F1CC9241D00C60AC7 /* core */ = {
			isa = PBXGroup;
			children = (
				D728F5801CC9241D00C60AC7 /* ofxDatGuiComponent.cpp */,
				D728F5811CC9241D00C60AC7 /* ofxDatGuiComponent.h */,
				D728F5821CC9241D00C60AC7 /* ofxDatGuiConstants.h */,
				D728F5831CC9241D00C60AC7 /* ofxDatGuiEvents.h */,
				D728F5841CC9241D00C60AC7 /* ofxDatGuiIntObject.h */,
			);
			path = core;
			sourceTree = "<group>";
		};
		D728F5851CC9241D00C60AC7 /* libs */ = {
			isa = PBXGroup;
			children = (
				D728F5861CC9241D00C60AC7 /* ofxSmartFont */,
			);
			path = libs;
			sourceTree = "<group>";
		};
		D728F5861CC9241D00C60AC7 /* ofxSmartFont */ = {
			isa = PBXGroup;
			children = (
				D728F5871CC9241D00C60AC7 /* ofxSmartFont.cpp */,
				D728F5881CC9241D00C60AC7 /* ofxSmartFont.h */,
			);
			path = ofxSmartFont;
			sourceTree = "<group>";
		};
		D728F58B1CC9241D00C60AC7 /* themes */ = {
			isa = PBXGroup;
			children = (
				D728F58C1CC9241D00C60AC7 /* ofxDatGuiTheme.h */,
				D728F58D1CC9241D00C60AC7 /* ofxDatGuiThemes.h */,
			);
			path = themes;
			sourceTree = "<group>";
		};
		E4328144138ABC890047C5CB /* Products */ = {
			isa = PBXGroup;
			children = (
				E4328148138ABC890047C5CB /* openFrameworksDebug.a */,
			);
			name = Products;
			sourceTree = "<group>";
		};
		E4B69B4A0A3A1720003C02F2 = {
			isa = PBXGroup;
			children = (
				E4B6FCAD0C3E899E008CF71C /* openFrameworks-Info.plist */,
				E4EB6923138AFD0F00A09F29 /* Project.xcconfig */,
				E4B69E1C0A3A1BDC003C02F2 /* src */,
				E4EEC9E9138DF44700A80321 /* openFrameworks */,
				BB4B014C10F69532006C3DED /* addons */,
				E4B69B5B0A3A1756003C02F2 /* WarpPiMasterDebug.app */,
			);
			sourceTree = "<group>";
		};
		E4B69E1C0A3A1BDC003C02F2 /* src */ = {
			isa = PBXGroup;
			children = (
				E4B69E1D0A3A1BDC003C02F2 /* main.cpp */,
				E4B69E1E0A3A1BDC003C02F2 /* ofApp.cpp */,
				E4B69E1F0A3A1BDC003C02F2 /* ofApp.h */,
			);
			path = src;
			sourceTree = SOURCE_ROOT;
		};
		E4EEC9E9138DF44700A80321 /* openFrameworks */ = {
			isa = PBXGroup;
			children = (
				E4EB691F138AFCF100A09F29 /* CoreOF.xcconfig */,
				E4328143138ABC890047C5CB /* openFrameworksLib.xcodeproj */,
			);
			name = openFrameworks;
			sourceTree = "<group>";
		};
/* End PBXGroup section */

/* Begin PBXNativeTarget section */
		E4B69B5A0A3A1756003C02F2 /* WarpPiMaster */ = {
			isa = PBXNativeTarget;
			buildConfigurationList = E4B69B5F0A3A1757003C02F2 /* Build configuration list for PBXNativeTarget "WarpPiMaster" */;
			buildPhases = (
				E4B69B580A3A1756003C02F2 /* Sources */,
				E4B69B590A3A1756003C02F2 /* Frameworks */,
				E4B6FFFD0C3F9AB9008CF71C /* ShellScript */,
				E4C2427710CC5ABF004149E2 /* CopyFiles */,
			);
			buildRules = (
			);
			dependencies = (
				E4EEB9AC138B136A00A80321 /* PBXTargetDependency */,
			);
			name = WarpPiMaster;
			productName = myOFApp;
			productReference = E4B69B5B0A3A1756003C02F2 /* WarpPiMasterDebug.app */;
			productType = "com.apple.product-type.application";
		};
/* End PBXNativeTarget section */

/* Begin PBXProject section */
		E4B69B4C0A3A1720003C02F2 /* Project object */ = {
			isa = PBXProject;
			attributes = {
				LastUpgradeCheck = 0600;
			};
			buildConfigurationList = E4B69B4D0A3A1720003C02F2 /* Build configuration list for PBXProject "WarpPiMaster" */;
			compatibilityVersion = "Xcode 3.2";
			developmentRegion = English;
			hasScannedForEncodings = 0;
			knownRegions = (
				English,
				Japanese,
				French,
				German,
			);
			mainGroup = E4B69B4A0A3A1720003C02F2;
			productRefGroup = E4B69B4A0A3A1720003C02F2;
			projectDirPath = "";
			projectReferences = (
				{
					ProductGroup = E4328144138ABC890047C5CB /* Products */;
					ProjectRef = E4328143138ABC890047C5CB /* openFrameworksLib.xcodeproj */;
				},
			);
			projectRoot = "";
			targets = (
				E4B69B5A0A3A1756003C02F2 /* WarpPiMaster */,
			);
		};
/* End PBXProject section */

/* Begin PBXReferenceProxy section */
		E4328148138ABC890047C5CB /* openFrameworksDebug.a */ = {
			isa = PBXReferenceProxy;
			fileType = archive.ar;
			path = openFrameworksDebug.a;
			remoteRef = E4328147138ABC890047C5CB /* PBXContainerItemProxy */;
			sourceTree = BUILT_PRODUCTS_DIR;
		};
/* End PBXReferenceProxy section */

/* Begin PBXShellScriptBuildPhase section */
		E4B6FFFD0C3F9AB9008CF71C /* ShellScript */ = {
			isa = PBXShellScriptBuildPhase;
			buildActionMask = 2147483647;
			files = (
			);
			inputPaths = (
			);
			outputPaths = (
			);
			runOnlyForDeploymentPostprocessing = 0;
			shellPath = /bin/sh;
			shellScript = "rsync -aved ../../../libs/fmodex/lib/osx/libfmodex.dylib \"$TARGET_BUILD_DIR/$PRODUCT_NAME.app/Contents/MacOS/\"; install_name_tool -change ./libfmodex.dylib @executable_path/libfmodex.dylib \"$TARGET_BUILD_DIR/$PRODUCT_NAME.app/Contents/MacOS/$PRODUCT_NAME\";\nmkdir -p \"$TARGET_BUILD_DIR/$PRODUCT_NAME.app/Contents/Resources/\"\nrsync -aved \"$ICON_FILE\" \"$TARGET_BUILD_DIR/$PRODUCT_NAME.app/Contents/Resources/\"\nrsync -aved ../../../libs/glut/lib/osx/GLUT.framework \"$TARGET_BUILD_DIR/$PRODUCT_NAME.app/Contents/Frameworks/\"\n";
		};
/* End PBXShellScriptBuildPhase section */

/* Begin PBXSourcesBuildPhase section */
		E4B69B580A3A1756003C02F2 /* Sources */ = {
			isa = PBXSourcesBuildPhase;
			buildActionMask = 2147483647;
			files = (
				D72541D61CC8CBB800430572 /* ofxTCPManager.cpp in Sources */,
				D72541D51CC8CBB800430572 /* ofxTCPClient.cpp in Sources */,
				D72541D71CC8CBB800430572 /* ofxTCPServer.cpp in Sources */,
				E4B69E200A3A1BDC003C02F2 /* main.cpp in Sources */,
				D728F58F1CC9241D00C60AC7 /* ofxSmartFont.cpp in Sources */,
				D72541D81CC8CBB800430572 /* ofxUDPManager.cpp in Sources */,
				D728F58E1CC9241D00C60AC7 /* ofxDatGuiComponent.cpp in Sources */,
				E4B69E210A3A1BDC003C02F2 /* ofApp.cpp in Sources */,
				D728F5901CC9241D00C60AC7 /* ofxDatGui.cpp in Sources */,
			);
			runOnlyForDeploymentPostprocessing = 0;
		};
/* End PBXSourcesBuildPhase section */

/* Begin PBXTargetDependency section */
		E4EEB9AC138B136A00A80321 /* PBXTargetDependency */ = {
			isa = PBXTargetDependency;
			name = openFrameworks;
			targetProxy = E4EEB9AB138B136A00A80321 /* PBXContainerItemProxy */;
		};
/* End PBXTargetDependency section */

/* Begin XCBuildConfiguration section */
		E4B69B4E0A3A1720003C02F2 /* Debug */ = {
			isa = XCBuildConfiguration;
			baseConfigurationReference = E4EB6923138AFD0F00A09F29 /* Project.xcconfig */;
			buildSettings = {
				CONFIGURATION_BUILD_DIR = "$(SRCROOT)/bin/";
				COPY_PHASE_STRIP = NO;
				DEAD_CODE_STRIPPING = YES;
				GCC_AUTO_VECTORIZATION = YES;
				GCC_ENABLE_SSE3_EXTENSIONS = YES;
				GCC_ENABLE_SUPPLEMENTAL_SSE3_INSTRUCTIONS = YES;
				GCC_INLINES_ARE_PRIVATE_EXTERN = NO;
				GCC_OPTIMIZATION_LEVEL = 0;
				GCC_SYMBOLS_PRIVATE_EXTERN = NO;
				GCC_WARN_ABOUT_DEPRECATED_FUNCTIONS = YES;
				GCC_WARN_ABOUT_INVALID_OFFSETOF_MACRO = NO;
				GCC_WARN_ALLOW_INCOMPLETE_PROTOCOL = NO;
				GCC_WARN_UNINITIALIZED_AUTOS = NO;
				GCC_WARN_UNUSED_VALUE = NO;
				GCC_WARN_UNUSED_VARIABLE = NO;
				HEADER_SEARCH_PATHS = (
					"$(OF_CORE_HEADERS)",
					../../../addons/ofxDatGui/libs,
					../../../addons/ofxDatGui/src,
					../../../addons/ofxDatGui/src/components,
					../../../addons/ofxDatGui/src/core,
				);
				MACOSX_DEPLOYMENT_TARGET = 10.8;
				ONLY_ACTIVE_ARCH = YES;
				OTHER_CPLUSPLUSFLAGS = (
					"-D__MACOSX_CORE__",
					"-mtune=native",
				);
				SDKROOT = macosx;
			};
			name = Debug;
		};
		E4B69B4F0A3A1720003C02F2 /* Release */ = {
			isa = XCBuildConfiguration;
			baseConfigurationReference = E4EB6923138AFD0F00A09F29 /* Project.xcconfig */;
			buildSettings = {
				CONFIGURATION_BUILD_DIR = "$(SRCROOT)/bin/";
				COPY_PHASE_STRIP = YES;
				DEAD_CODE_STRIPPING = YES;
				GCC_AUTO_VECTORIZATION = YES;
				GCC_ENABLE_SSE3_EXTENSIONS = YES;
				GCC_ENABLE_SUPPLEMENTAL_SSE3_INSTRUCTIONS = YES;
				GCC_INLINES_ARE_PRIVATE_EXTERN = NO;
				GCC_OPTIMIZATION_LEVEL = 3;
				GCC_SYMBOLS_PRIVATE_EXTERN = NO;
				GCC_UNROLL_LOOPS = YES;
				GCC_WARN_ABOUT_DEPRECATED_FUNCTIONS = YES;
				GCC_WARN_ABOUT_INVALID_OFFSETOF_MACRO = NO;
				GCC_WARN_ALLOW_INCOMPLETE_PROTOCOL = NO;
				GCC_WARN_UNINITIALIZED_AUTOS = NO;
				GCC_WARN_UNUSED_VALUE = NO;
				GCC_WARN_UNUSED_VARIABLE = NO;
				HEADER_SEARCH_PATHS = (
					"$(OF_CORE_HEADERS)",
					../../../addons/ofxDatGui/libs,
					../../../addons/ofxDatGui/src,
					../../../addons/ofxDatGui/src/components,
					../../../addons/ofxDatGui/src/core,
				);
				MACOSX_DEPLOYMENT_TARGET = 10.8;
				OTHER_CPLUSPLUSFLAGS = (
					"-D__MACOSX_CORE__",
					"-mtune=native",
				);
				SDKROOT = macosx;
			};
			name = Release;
		};
		E4B69B600A3A1757003C02F2 /* Debug */ = {
			isa = XCBuildConfiguration;
			baseConfigurationReference = E4EB6923138AFD0F00A09F29 /* Project.xcconfig */;
			buildSettings = {
				COMBINE_HIDPI_IMAGES = YES;
				COPY_PHASE_STRIP = NO;
				FRAMEWORK_SEARCH_PATHS = (
					"$(inherited)",
					"$(FRAMEWORK_SEARCH_PATHS_QUOTED_FOR_TARGET_1)",
				);
				FRAMEWORK_SEARCH_PATHS_QUOTED_FOR_TARGET_1 = "\"$(SRCROOT)/../../../libs/glut/lib/osx\"";
				GCC_DYNAMIC_NO_PIC = NO;
				GCC_GENERATE_DEBUGGING_SYMBOLS = YES;
				GCC_MODEL_TUNING = NONE;
				HEADER_SEARCH_PATHS = (
					"$(OF_CORE_HEADERS)",
					../../../addons/ofxDatGui/libs,
					../../../addons/ofxDatGui/src,
					../../../addons/ofxDatGui/src/components,
					../../../addons/ofxDatGui/src/core,
				);
				ICON = "$(ICON_NAME_DEBUG)";
				ICON_FILE = "$(ICON_FILE_PATH)$(ICON)";
				INFOPLIST_FILE = "openFrameworks-Info.plist";
				INSTALL_PATH = "$(HOME)/Applications";
				LIBRARY_SEARCH_PATHS = "$(inherited)";
				PRODUCT_NAME = WarpPiMasterDebug;
				USER_HEADER_SEARCH_PATHS = "";
				WRAPPER_EXTENSION = app;
			};
			name = Debug;
		};
		E4B69B610A3A1757003C02F2 /* Release */ = {
			isa = XCBuildConfiguration;
			baseConfigurationReference = E4EB6923138AFD0F00A09F29 /* Project.xcconfig */;
			buildSettings = {
				COMBINE_HIDPI_IMAGES = YES;
				COPY_PHASE_STRIP = YES;
				FRAMEWORK_SEARCH_PATHS = (
					"$(inherited)",
					"$(FRAMEWORK_SEARCH_PATHS_QUOTED_FOR_TARGET_1)",
				);
				FRAMEWORK_SEARCH_PATHS_QUOTED_FOR_TARGET_1 = "\"$(SRCROOT)/../../../libs/glut/lib/osx\"";
				GCC_GENERATE_DEBUGGING_SYMBOLS = YES;
				GCC_MODEL_TUNING = NONE;
				HEADER_SEARCH_PATHS = (
					"$(OF_CORE_HEADERS)",
					../../../addons/ofxDatGui/libs,
					../../../addons/ofxDatGui/src,
					../../../addons/ofxDatGui/src/components,
					../../../addons/ofxDatGui/src/core,
				);
				ICON = "$(ICON_NAME_RELEASE)";
				ICON_FILE = "$(ICON_FILE_PATH)$(ICON)";
				INFOPLIST_FILE = "openFrameworks-Info.plist";
				INSTALL_PATH = "$(HOME)/Applications";
				LIBRARY_SEARCH_PATHS = "$(inherited)";
				PRODUCT_NAME = WarpPiMasterDebug;
				USER_HEADER_SEARCH_PATHS = "";
				WRAPPER_EXTENSION = app;
				baseConfigurationReference = E4EB6923138AFD0F00A09F29;
			};
			name = Release;
		};
/* End XCBuildConfiguration section */

/* Begin XCConfigurationList section */
		E4B69B4D0A3A1720003C02F2 /* Build configuration list for PBXProject "WarpPiMaster" */ = {
			isa = XCConfigurationList;
			buildConfigurations = (
				E4B69B4E0A3A1720003C02F2 /* Debug */,
				E4B69B4F0A3A1720003C02F2 /* Release */,
			);
			defaultConfigurationIsVisible = 0;
			defaultConfigurationName = Release;
		};
		E4B69B5F0A3A1757003C02F2 /* Build configuration list for PBXNativeTarget "WarpPiMaster" */ = {
			isa = XCConfigurationList;
			buildConfigurations = (
				E4B69B600A3A1757003C02F2 /* Debug */,
				E4B69B610A3A1757003C02F2 /* Release */,
			);
			defaultConfigurationIsVisible = 0;
			defaultConfigurationName = Release;
		};
/* End XCConfigurationList section */
	};
	rootObject = E4B69B4C0A3A1720003C02F2 /* Project object */;
}
